
Microsoft Visual Studio Solution File, Format Version 12.00
# Visual Studio 15
VisualStudioVersion = 15.0.28307.489
MinimumVisualStudioVersion = 10.0.40219.1
Project("{FAE04EC0-301F-11D3-BF4B-00C04F79EFBC}") = "MVCparcial", "MVCparcial\MVCparcial.csproj", "{E33D15EC-448A-48A3-B819-3ED00DE0F830}"
EndProject
Project("{FAE04EC0-301F-11D3-BF4B-00C04F79EFBC}") = "APIparcial", "APIparcial\APIparcial.csproj", "{0F027E1D-57B9-42DF-9B90-E6BF3306D40A}"
EndProject
Global
	GlobalSection(SolutionConfigurationPlatforms) = preSolution
		Debug|Any CPU = Debug|Any CPU
		Release|Any CPU = Release|Any CPU
	EndGlobalSection
	GlobalSection(ProjectConfigurationPlatforms) = postSolution
		{E33D15EC-448A-48A3-B819-3ED00DE0F830}.Debug|Any CPU.ActiveCfg = Debug|Any CPU
		{E33D15EC-448A-48A3-B819-3ED00DE0F830}.Debug|Any CPU.Build.0 = Debug|Any CPU
		{E33D15EC-448A-48A3-B819-3ED00DE0F830}.Release|Any CPU.ActiveCfg = Release|Any CPU
		{E33D15EC-448A-48A3-B819-3ED00DE0F830}.Release|Any CPU.Build.0 = Release|Any CPU
		{0F027E1D-57B9-42DF-9B90-E6BF3306D40A}.Debug|Any CPU.ActiveCfg = Debug|Any CPU
		{0F027E1D-57B9-42DF-9B90-E6BF3306D40A}.Debug|Any CPU.Build.0 = Debug|Any CPU
		{0F027E1D-57B9-42DF-9B90-E6BF3306D40A}.Release|Any CPU.ActiveCfg = Release|Any CPU
		{0F027E1D-57B9-42DF-9B90-E6BF3306D40A}.Release|Any CPU.Build.0 = Release|Any CPU
	EndGlobalSection
	GlobalSection(SolutionProperties) = preSolution
		HideSolutionNode = FALSE
	EndGlobalSection
	GlobalSection(ExtensibilityGlobals) = postSolution
		SolutionGuid = {FDF0C898-D8B4-4370-A073-66A624244F90}
	EndGlobalSection
EndGlobal
